
Microsoft Visual Studio Solution File, Format Version 12.00
# Visual Studio 15
VisualStudioVersion = 15.0.27703.2000
MinimumVisualStudioVersion = 10.0.40219.1
Project("{9092AA53-FB77-4645-B42D-1CCCA6BD08BD}") = "table_editor", "table_editor\table_editor.njsproj", "{FEAEF81A-5561-498E-8EA7-F1D14924D0C8}"
EndProject
Project("{9092AA53-FB77-4645-B42D-1CCCA6BD08BD}") = "suggestion_list", "suggestion_list\suggestion_list.njsproj", "{3F6BD7C0-0131-4329-B4A6-020597EA06AB}"
EndProject
Project("{9092AA53-FB77-4645-B42D-1CCCA6BD08BD}") = "login_script", "login_script\login_script.njsproj", "{CDFDC632-E354-4276-89C4-2D9F97AC06A4}"
EndProject
Project("{9092AA53-FB77-4645-B42D-1CCCA6BD08BD}") = "kegg_organism", "kegg_organism\kegg_organism.njsproj", "{600D6FED-6512-4929-AD04-DD77E85824CE}"
EndProject
Project("{9092AA53-FB77-4645-B42D-1CCCA6BD08BD}") = "bioCAD.core", "bioCAD.core\bioCAD.core.njsproj", "{1B688CEF-A264-44D6-83D0-D06B70273C80}"
EndProject
Global
	GlobalSection(SolutionConfigurationPlatforms) = preSolution
		Debug|Any CPU = Debug|Any CPU
		Release|Any CPU = Release|Any CPU
	EndGlobalSection
	GlobalSection(ProjectConfigurationPlatforms) = postSolution
		{FEAEF81A-5561-498E-8EA7-F1D14924D0C8}.Debug|Any CPU.ActiveCfg = Debug|Any CPU
		{FEAEF81A-5561-498E-8EA7-F1D14924D0C8}.Debug|Any CPU.Build.0 = Debug|Any CPU
		{FEAEF81A-5561-498E-8EA7-F1D14924D0C8}.Release|Any CPU.ActiveCfg = Release|Any CPU
		{FEAEF81A-5561-498E-8EA7-F1D14924D0C8}.Release|Any CPU.Build.0 = Release|Any CPU
		{3F6BD7C0-0131-4329-B4A6-020597EA06AB}.Debug|Any CPU.ActiveCfg = Debug|Any CPU
		{3F6BD7C0-0131-4329-B4A6-020597EA06AB}.Debug|Any CPU.Build.0 = Debug|Any CPU
		{3F6BD7C0-0131-4329-B4A6-020597EA06AB}.Release|Any CPU.ActiveCfg = Release|Any CPU
		{3F6BD7C0-0131-4329-B4A6-020597EA06AB}.Release|Any CPU.Build.0 = Release|Any CPU
		{CDFDC632-E354-4276-89C4-2D9F97AC06A4}.Debug|Any CPU.ActiveCfg = Debug|Any CPU
		{CDFDC632-E354-4276-89C4-2D9F97AC06A4}.Debug|Any CPU.Build.0 = Debug|Any CPU
		{CDFDC632-E354-4276-89C4-2D9F97AC06A4}.Release|Any CPU.ActiveCfg = Release|Any CPU
		{CDFDC632-E354-4276-89C4-2D9F97AC06A4}.Release|Any CPU.Build.0 = Release|Any CPU
		{600D6FED-6512-4929-AD04-DD77E85824CE}.Debug|Any CPU.ActiveCfg = Debug|Any CPU
		{600D6FED-6512-4929-AD04-DD77E85824CE}.Debug|Any CPU.Build.0 = Debug|Any CPU
		{600D6FED-6512-4929-AD04-DD77E85824CE}.Release|Any CPU.ActiveCfg = Release|Any CPU
		{600D6FED-6512-4929-AD04-DD77E85824CE}.Release|Any CPU.Build.0 = Release|Any CPU
		{1B688CEF-A264-44D6-83D0-D06B70273C80}.Debug|Any CPU.ActiveCfg = Debug|Any CPU
		{1B688CEF-A264-44D6-83D0-D06B70273C80}.Debug|Any CPU.Build.0 = Debug|Any CPU
		{1B688CEF-A264-44D6-83D0-D06B70273C80}.Release|Any CPU.ActiveCfg = Release|Any CPU
		{1B688CEF-A264-44D6-83D0-D06B70273C80}.Release|Any CPU.Build.0 = Release|Any CPU
	EndGlobalSection
	GlobalSection(SolutionProperties) = preSolution
		HideSolutionNode = FALSE
	EndGlobalSection
	GlobalSection(ExtensibilityGlobals) = postSolution
		SolutionGuid = {FED00E6E-0FBC-428C-803A-6DFE64666255}
	EndGlobalSection
EndGlobal
