{
  "name": "table_editor",
  "version": "0.0.0",
  "lockfileVersion": 1,
  "requires": true,
  "dependencies": {
    "@types/node": {
      "version": "6.0.115",
      "resolved": "https://registry.npmjs.org/@types/node/-/node-6.0.115.tgz",
      "integrity": "sha512-PWA07jqflLli+PAk7VaJn0MVdTw96egk5B1FxwocV/tcc3RamNGbza1ZgS0OGUsTuAYCFCboL+IlG2bPazV2Nw==",
      "dev": true
    }
  }
}
