{
  "name": "bio-cad.file-system.explorer",
  "version": "0.0.0",
  "lockfileVersion": 1,
  "requires": true,
  "dependencies": {
    "@types/jquery": {
      "version": "3.3.5",
      "resolved": "https://registry.npmjs.org/@types/jquery/-/jquery-3.3.5.tgz",
      "integrity": "sha512-18OnkBZ+9pOx8grC2w4i256VS+9j/Ya/N0DcWkZRgPrg7V2oolgk8n7790goBlnChL6nIXAXy1lBTrz/r4lJTg==",
      "dev": true
    },
    "@types/node": {
      "version": "6.0.116",
      "resolved": "https://registry.npmjs.org/@types/node/-/node-6.0.116.tgz",
      "integrity": "sha512-vToa8YEeulfyYg1gSOeHjvvIRqrokng62VMSj2hoZrwZNcYrp2h3AWo6KeBVuymIklQUaY5zgVJvVsC4KiiLkQ==",
      "dev": true
    }
  }
}
